
Microsoft Visual Studio Solution File, Format Version 12.00
# Visual Studio Version 17
VisualStudioVersion = 17.9.34714.143
MinimumVisualStudioVersion = 10.0.40219.1
Project("{FAE04EC0-301F-11D3-BF4B-00C04F79EFBC}") = "trial student", "trial student\trial student.csproj", "{A9CD2645-A242-41D5-B69C-7896AB6E285D}"
EndProject
Global
	GlobalSection(SolutionConfigurationPlatforms) = preSolution
		Debug|Any CPU = Debug|Any CPU
		Release|Any CPU = Release|Any CPU
	EndGlobalSection
	GlobalSection(ProjectConfigurationPlatforms) = postSolution
		{A9CD2645-A242-41D5-B69C-7896AB6E285D}.Debug|Any CPU.ActiveCfg = Debug|Any CPU
		{A9CD2645-A242-41D5-B69C-7896AB6E285D}.Debug|Any CPU.Build.0 = Debug|Any CPU
		{A9CD2645-A242-41D5-B69C-7896AB6E285D}.Release|Any CPU.ActiveCfg = Release|Any CPU
		{A9CD2645-A242-41D5-B69C-7896AB6E285D}.Release|Any CPU.Build.0 = Release|Any CPU
	EndGlobalSection
	GlobalSection(SolutionProperties) = preSolution
		HideSolutionNode = FALSE
	EndGlobalSection
	GlobalSection(ExtensibilityGlobals) = postSolution
		SolutionGuid = {64F4C651-331E-4843-8292-36379FC32BB1}
	EndGlobalSection
EndGlobal
